PODS:
  - FMDB/common (2.3)
  - FMDB/standalone (2.3):
    - FMDB/common
    - sqlite3/fts
  - GRMustache (6.8.3):
    - JRSwizzle (~> 1.0)
  - JRSwizzle (1.0)
  - SMCalloutView (1.1)
  - sqlite3/common (3.8.4.3)
  - sqlite3/fts (3.8.4.3):
    - sqlite3/common

DEPENDENCIES:
  - FMDB/standalone (~> 2.3)
  - GRMustache (= 6.8.3)
  - SMCalloutView (= 1.1)

SPEC CHECKSUMS:
  FMDB: 31ec26773c7f7b7890a6038235a1f2bbd933a7cb
  GRMustache: ab96109b7ba4b9568425bea40d6cd2cdc7582b6c
  JRSwizzle: 30da7a2c539a4ebf954b16d15f6dd8221c9f6fa5
  SMCalloutView: b1c20930f57bc4470f5477979e2decf066397c82
  sqlite3: c532f3365dec0925d3f6408c39b27e3c17960b3c

COCOAPODS: 0.33.1
